
Microsoft Visual Studio Solution File, Format Version 12.00
# Visual Studio Version 16
VisualStudioVersion = 16.0.31229.75
MinimumVisualStudioVersion = 10.0.40219.1
Project("{FAE04EC0-301F-11D3-BF4B-00C04F79EFBC}") = "lab8.1", "lab8.1\lab8.1.csproj", "{5C54EF98-8E0E-4607-9AF1-16397BA6B20E}"
EndProject
Global
	GlobalSection(SolutionConfigurationPlatforms) = preSolution
		Debug|Any CPU = Debug|Any CPU
		Release|Any CPU = Release|Any CPU
	EndGlobalSection
	GlobalSection(ProjectConfigurationPlatforms) = postSolution
		{5C54EF98-8E0E-4607-9AF1-16397BA6B20E}.Debug|Any CPU.ActiveCfg = Debug|Any CPU
		{5C54EF98-8E0E-4607-9AF1-16397BA6B20E}.Debug|Any CPU.Build.0 = Debug|Any CPU
		{5C54EF98-8E0E-4607-9AF1-16397BA6B20E}.Release|Any CPU.ActiveCfg = Release|Any CPU
		{5C54EF98-8E0E-4607-9AF1-16397BA6B20E}.Release|Any CPU.Build.0 = Release|Any CPU
	EndGlobalSection
	GlobalSection(SolutionProperties) = preSolution
		HideSolutionNode = FALSE
	EndGlobalSection
	GlobalSection(ExtensibilityGlobals) = postSolution
		SolutionGuid = {17253533-4B64-440D-9EF8-3067B10C4678}
	EndGlobalSection
EndGlobal
